lockfileVersion: '9.0'

settings:
  autoInstallPeers: true
  excludeLinksFromLockfile: false

importers:

  .:
    optionalDependencies:
      '@ffmpeg/ffmpeg':
        specifier: ^0.12.15
        version: 0.12.15
      '@ffmpeg/util':
        specifier: ^0.12.2
        version: 0.12.2

packages:

  '@ffmpeg/ffmpeg@0.12.15':
    resolution: {integrity: sha512-1C8Obr4GsN3xw+/1Ww6PFM84wSQAGsdoTuTWPOj2OizsRDLT4CXTaVjPhkw6ARyDus1B9X/L2LiXHqYYsGnRFw==}
    engines: {node: '>=18.x'}

  '@ffmpeg/types@0.12.4':
    resolution: {integrity: sha512-k9vJQNBGTxE5AhYDtOYR5rO5fKsspbg51gbcwtbkw2lCdoIILzklulcjJfIDwrtn7XhDeF2M+THwJ2FGrLeV6A==}
    engines: {node: '>=16.x'}

  '@ffmpeg/util@0.12.2':
    resolution: {integrity: sha512-ouyoW+4JB7WxjeZ2y6KpRvB+dLp7Cp4ro8z0HIVpZVCM7AwFlHa0c4R8Y/a4M3wMqATpYKhC7lSFHQ0T11MEDw==}
    engines: {node: '>=18.x'}

snapshots:

  '@ffmpeg/ffmpeg@0.12.15':
    dependencies:
      '@ffmpeg/types': 0.12.4
    optional: true

  '@ffmpeg/types@0.12.4':
    optional: true

  '@ffmpeg/util@0.12.2':
    optional: true
